
Microsoft Visual Studio Solution File, Format Version 12.00
# Visual Studio Version 16
VisualStudioVersion = 16.0.31112.23
MinimumVisualStudioVersion = 10.0.40219.1
Project("{FAE04EC0-301F-11D3-BF4B-00C04F79EFBC}") = "MVVMUtilerias", "MVVMUtilerias\MVVMUtilerias.csproj", "{DE097602-75A9-40B5-8CDF-4F661AA00568}"
EndProject
Global
	GlobalSection(SolutionConfigurationPlatforms) = preSolution
		Debug|Any CPU = Debug|Any CPU
		Release|Any CPU = Release|Any CPU
	EndGlobalSection
	GlobalSection(ProjectConfigurationPlatforms) = postSolution
		{DE097602-75A9-40B5-8CDF-4F661AA00568}.Debug|Any CPU.ActiveCfg = Debug|Any CPU
		{DE097602-75A9-40B5-8CDF-4F661AA00568}.Debug|Any CPU.Build.0 = Debug|Any CPU
		{DE097602-75A9-40B5-8CDF-4F661AA00568}.Release|Any CPU.ActiveCfg = Release|Any CPU
		{DE097602-75A9-40B5-8CDF-4F661AA00568}.Release|Any CPU.Build.0 = Release|Any CPU
	EndGlobalSection
	GlobalSection(SolutionProperties) = preSolution
		HideSolutionNode = FALSE
	EndGlobalSection
	GlobalSection(ExtensibilityGlobals) = postSolution
		SolutionGuid = {3E012DEA-AD32-4293-819E-54A44D030059}
	EndGlobalSection
EndGlobal
